// !$*UTF8*$!
{
	archiveVersion = 1;
	classes = {
	};
	objectVersion = 56;
	objects = {

/* Begin PBXBuildFile section */
		8F0BCA7B2A7AB91D001EB050 /* Game.swift in Sources */ = {isa = PBXBuildFile; fileRef = 8F0BCA7A2A7AB91D001EB050 /* Game.swift */; };
		8F0BCA802A7BD7DD001EB050 /* WelcomeView.swift in Sources */ = {isa = PBXBuildFile; fileRef = 8F0BCA7F2A7BD7DD001EB050 /* WelcomeView.swift */; };
		8F0BCA822A7BDBF6001EB050 /* GameColor.swift in Sources */ = {isa = PBXBuildFile; fileRef = 8F0BCA812A7BDBF6001EB050 /* GameColor.swift */; };
		8F0BCA842A7BDF95001EB050 /* BottomTextView.swift in Sources */ = {isa = PBXBuildFile; fileRef = 8F0BCA832A7BDF95001EB050 /* BottomTextView.swift */; };
		8F0BCA862A7D2266001EB050 /* GameViewModel.swift in Sources */ = {isa = PBXBuildFile; fileRef = 8F0BCA852A7D2266001EB050 /* GameViewModel.swift */; };
		8F0BCA8A2A7D269F001EB050 /* QuestionView.swift in Sources */ = {isa = PBXBuildFile; fileRef = 8F0BCA892A7D269F001EB050 /* QuestionView.swift */; };
		8F0BCA8C2A7D85EE001EB050 /* ScoreView.swift in Sources */ = {isa = PBXBuildFile; fileRef = 8F0BCA8B2A7D85EE001EB050 /* ScoreView.swift */; };
		8F0BCA922A7E42AE001EB050 /* ScoreViewModel.swift in Sources */ = {isa = PBXBuildFile; fileRef = 8F0BCA912A7E42AE001EB050 /* ScoreViewModel.swift */; };
		8F4BBF352A6EEE47002AC0F3 /* Code_HistoryApp.swift in Sources */ = {isa = PBXBuildFile; fileRef = 8F4BBF342A6EEE47002AC0F3 /* Code_HistoryApp.swift */; };
		8F4BBF372A6EEE47002AC0F3 /* GameView.swift in Sources */ = {isa = PBXBuildFile; fileRef = 8F4BBF362A6EEE47002AC0F3 /* GameView.swift */; };
		8F4BBF392A6EEE4A002AC0F3 /* Assets.xcassets in Resources */ = {isa = PBXBuildFile; fileRef = 8F4BBF382A6EEE4A002AC0F3 /* Assets.xcassets */; };
		8F4BBF3C2A6EEE4A002AC0F3 /* Preview Assets.xcassets in Resources */ = {isa = PBXBuildFile; fileRef = 8F4BBF3B2A6EEE4A002AC0F3 /* Preview Assets.xcassets */; };
		8FD1016C2A796A3D00217496 /* Question.swift in Sources */ = {isa = PBXBuildFile; fileRef = 8FD1016B2A796A3D00217496 /* Question.swift */; };
		8FD101702A796D1700217496 /* ChoiceTextView.swift in Sources */ = {isa = PBXBuildFile; fileRef = 8FD1016F2A796D1700217496 /* ChoiceTextView.swift */; };
/* End PBXBuildFile section */

/* Begin PBXFileReference section */
		8F0BCA7A2A7AB91D001EB050 /* Game.swift */ = {isa = PBXFileReference; lastKnownFileType = sourcecode.swift; path = Game.swift; sourceTree = "<group>"; };
		8F0BCA7F2A7BD7DD001EB050 /* WelcomeView.swift */ = {isa = PBXFileReference; lastKnownFileType = sourcecode.swift; path = WelcomeView.swift; sourceTree = "<group>"; };
		8F0BCA812A7BDBF6001EB050 /* GameColor.swift */ = {isa = PBXFileReference; lastKnownFileType = sourcecode.swift; path = GameColor.swift; sourceTree = "<group>"; };
		8F0BCA832A7BDF95001EB050 /* BottomTextView.swift */ = {isa = PBXFileReference; lastKnownFileType = sourcecode.swift; path = BottomTextView.swift; sourceTree = "<group>"; };
		8F0BCA852A7D2266001EB050 /* GameViewModel.swift */ = {isa = PBXFileReference; lastKnownFileType = sourcecode.swift; path = GameViewModel.swift; sourceTree = "<group>"; };
		8F0BCA892A7D269F001EB050 /* QuestionView.swift */ = {isa = PBXFileReference; lastKnownFileType = sourcecode.swift; path = QuestionView.swift; sourceTree = "<group>"; };
		8F0BCA8B2A7D85EE001EB050 /* ScoreView.swift */ = {isa = PBXFileReference; lastKnownFileType = sourcecode.swift; path = ScoreView.swift; sourceTree = "<group>"; };
		8F0BCA912A7E42AE001EB050 /* ScoreViewModel.swift */ = {isa = PBXFileReference; lastKnownFileType = sourcecode.swift; path = ScoreViewModel.swift; sourceTree = "<group>"; };
		8F4BBF312A6EEE47002AC0F3 /* codeHistory.app */ = {isa = PBXFileReference; explicitFileType = wrapper.application; includeInIndex = 0; path = codeHistory.app; sourceTree = BUILT_PRODUCTS_DIR; };
		8F4BBF342A6EEE47002AC0F3 /* Code_HistoryApp.swift */ = {isa = PBXFileReference; lastKnownFileType = sourcecode.swift; path = Code_HistoryApp.swift; sourceTree = "<group>"; };
		8F4BBF362A6EEE47002AC0F3 /* GameView.swift */ = {isa = PBXFileReference; lastKnownFileType = sourcecode.swift; path = GameView.swift; sourceTree = "<group>"; };
		8F4BBF382A6EEE4A002AC0F3 /* Assets.xcassets */ = {isa = PBXFileReference; lastKnownFileType = folder.assetcatalog; path = Assets.xcassets; sourceTree = "<group>"; };
		8F4BBF3B2A6EEE4A002AC0F3 /* Preview Assets.xcassets */ = {isa = PBXFileReference; lastKnownFileType = folder.assetcatalog; path = "Preview Assets.xcassets"; sourceTree = "<group>"; };
		8FD1016B2A796A3D00217496 /* Question.swift */ = {isa = PBXFileReference; lastKnownFileType = sourcecode.swift; path = Question.swift; sourceTree = "<group>"; };
		8FD1016F2A796D1700217496 /* ChoiceTextView.swift */ = {isa = PBXFileReference; lastKnownFileType = sourcecode.swift; path = ChoiceTextView.swift; sourceTree = "<group>"; };
/* End PBXFileReference section */

/* Begin PBXFrameworksBuildPhase section */
		8F4BBF2E2A6EEE47002AC0F3 /* Frameworks */ = {
			isa = PBXFrameworksBuildPhase;
			buildActionMask = 2147483647;
			files = (
			);
			runOnlyForDeploymentPostprocessing = 0;
		};
/* End PBXFrameworksBuildPhase section */

/* Begin PBXGroup section */
		8F0BCA7C2A7AB96C001EB050 /* Models */ = {
			isa = PBXGroup;
			children = (
				8F0BCA7A2A7AB91D001EB050 /* Game.swift */,
				8FD1016B2A796A3D00217496 /* Question.swift */,
			);
			path = Models;
			sourceTree = "<group>";
		};
		8F0BCA7D2A7AB998001EB050 /* Views */ = {
			isa = PBXGroup;
			children = (
				8FD1016F2A796D1700217496 /* ChoiceTextView.swift */,
				8F4BBF362A6EEE47002AC0F3 /* GameView.swift */,
				8F0BCA7F2A7BD7DD001EB050 /* WelcomeView.swift */,
				8F0BCA812A7BDBF6001EB050 /* GameColor.swift */,
				8F0BCA832A7BDF95001EB050 /* BottomTextView.swift */,
				8F0BCA892A7D269F001EB050 /* QuestionView.swift */,
				8F0BCA8B2A7D85EE001EB050 /* ScoreView.swift */,
			);
			path = Views;
			sourceTree = "<group>";
		};
		8F0BCA7E2A7AB9BA001EB050 /* ViewModels */ = {
			isa = PBXGroup;
			children = (
				8F0BCA852A7D2266001EB050 /* GameViewModel.swift */,
				8F0BCA912A7E42AE001EB050 /* ScoreViewModel.swift */,
			);
			path = ViewModels;
			sourceTree = "<group>";
		};
		8F4BBF282A6EEE47002AC0F3 = {
			isa = PBXGroup;
			children = (
				8F4BBF332A6EEE47002AC0F3 /* codeHistory */,
				8F4BBF322A6EEE47002AC0F3 /* Products */,
			);
			sourceTree = "<group>";
		};
		8F4BBF322A6EEE47002AC0F3 /* Products */ = {
			isa = PBXGroup;
			children = (
				8F4BBF312A6EEE47002AC0F3 /* codeHistory.app */,
			);
			name = Products;
			sourceTree = "<group>";
		};
		8F4BBF332A6EEE47002AC0F3 /* codeHistory */ = {
			isa = PBXGroup;
			children = (
				8F4BBF342A6EEE47002AC0F3 /* Code_HistoryApp.swift */,
				8F0BCA7C2A7AB96C001EB050 /* Models */,
				8F0BCA7D2A7AB998001EB050 /* Views */,
				8F0BCA7E2A7AB9BA001EB050 /* ViewModels */,
				8F4BBF382A6EEE4A002AC0F3 /* Assets.xcassets */,
				8F4BBF3A2A6EEE4A002AC0F3 /* Preview Content */,
			);
			path = codeHistory;
			sourceTree = "<group>";
		};
		8F4BBF3A2A6EEE4A002AC0F3 /* Preview Content */ = {
			isa = PBXGroup;
			children = (
				8F4BBF3B2A6EEE4A002AC0F3 /* Preview Assets.xcassets */,
			);
			path = "Preview Content";
			sourceTree = "<group>";
		};
/* End PBXGroup section */

/* Begin PBXNativeTarget section */
		8F4BBF302A6EEE47002AC0F3 /* codeHistory */ = {
			isa = PBXNativeTarget;
			buildConfigurationList = 8F4BBF3F2A6EEE4A002AC0F3 /* Build configuration list for PBXNativeTarget "codeHistory" */;
			buildPhases = (
				8F4BBF2D2A6EEE47002AC0F3 /* Sources */,
				8F4BBF2E2A6EEE47002AC0F3 /* Frameworks */,
				8F4BBF2F2A6EEE47002AC0F3 /* Resources */,
			);
			buildRules = (
			);
			dependencies = (
			);
			name = codeHistory;
			productName = "Code History";
			productReference = 8F4BBF312A6EEE47002AC0F3 /* codeHistory.app */;
			productType = "com.apple.product-type.application";
		};
/* End PBXNativeTarget section */

/* Begin PBXProject section */
		8F4BBF292A6EEE47002AC0F3 /* Project object */ = {
			isa = PBXProject;
			attributes = {
				BuildIndependentTargetsInParallel = 1;
				LastSwiftUpdateCheck = 1430;
				LastUpgradeCheck = 1430;
				TargetAttributes = {
					8F4BBF302A6EEE47002AC0F3 = {
						CreatedOnToolsVersion = 14.3.1;
					};
				};
			};
			buildConfigurationList = 8F4BBF2C2A6EEE47002AC0F3 /* Build configuration list for PBXProject "codeHistory" */;
			compatibilityVersion = "Xcode 14.0";
			developmentRegion = en;
			hasScannedForEncodings = 0;
			knownRegions = (
				en,
				Base,
			);
			mainGroup = 8F4BBF282A6EEE47002AC0F3;
			productRefGroup = 8F4BBF322A6EEE47002AC0F3 /* Products */;
			projectDirPath = "";
			projectRoot = "";
			targets = (
				8F4BBF302A6EEE47002AC0F3 /* codeHistory */,
			);
		};
/* End PBXProject section */

/* Begin PBXResourcesBuildPhase section */
		8F4BBF2F2A6EEE47002AC0F3 /* Resources */ = {
			isa = PBXResourcesBuildPhase;
			buildActionMask = 2147483647;
			files = (
				8F4BBF3C2A6EEE4A002AC0F3 /* Preview Assets.xcassets in Resources */,
				8F4BBF392A6EEE4A002AC0F3 /* Assets.xcassets in Resources */,
			);
			runOnlyForDeploymentPostprocessing = 0;
		};
/* End PBXResourcesBuildPhase section */

/* Begin PBXSourcesBuildPhase section */
		8F4BBF2D2A6EEE47002AC0F3 /* Sources */ = {
			isa = PBXSourcesBuildPhase;
			buildActionMask = 2147483647;
			files = (
				8F0BCA8A2A7D269F001EB050 /* QuestionView.swift in Sources */,
				8F0BCA862A7D2266001EB050 /* GameViewModel.swift in Sources */,
				8F0BCA7B2A7AB91D001EB050 /* Game.swift in Sources */,
				8F0BCA922A7E42AE001EB050 /* ScoreViewModel.swift in Sources */,
				8F0BCA802A7BD7DD001EB050 /* WelcomeView.swift in Sources */,
				8FD1016C2A796A3D00217496 /* Question.swift in Sources */,
				8F4BBF372A6EEE47002AC0F3 /* GameView.swift in Sources */,
				8F0BCA842A7BDF95001EB050 /* BottomTextView.swift in Sources */,
				8F0BCA8C2A7D85EE001EB050 /* ScoreView.swift in Sources */,
				8F0BCA822A7BDBF6001EB050 /* GameColor.swift in Sources */,
				8FD101702A796D1700217496 /* ChoiceTextView.swift in Sources */,
				8F4BBF352A6EEE47002AC0F3 /* Code_HistoryApp.swift in Sources */,
			);
			runOnlyForDeploymentPostprocessing = 0;
		};
/* End PBXSourcesBuildPhase section */

/* Begin XCBuildConfiguration section */
		8F4BBF3D2A6EEE4A002AC0F3 /* Debug */ = {
			isa = XCBuildConfiguration;
			buildSettings = {
				ALWAYS_SEARCH_USER_PATHS = NO;
				CLANG_ANALYZER_NONNULL = YES;
				CLANG_ANALYZER_NUMBER_OBJECT_CONVERSION = YES_AGGRESSIVE;
				CLANG_CXX_LANGUAGE_STANDARD = "gnu++20";
				CLANG_ENABLE_MODULES = YES;
				CLANG_ENABLE_OBJC_ARC = YES;
				CLANG_ENABLE_OBJC_WEAK = YES;
				CLANG_WARN_BLOCK_CAPTURE_AUTORELEASING = YES;
				CLANG_WARN_BOOL_CONVERSION = YES;
				CLANG_WARN_COMMA = YES;
				CLANG_WARN_CONSTANT_CONVERSION = YES;
				CLANG_WARN_DEPRECATED_OBJC_IMPLEMENTATIONS = YES;
				CLANG_WARN_DIRECT_OBJC_ISA_USAGE = YES_ERROR;
				CLANG_WARN_DOCUMENTATION_COMMENTS = YES;
				CLANG_WARN_EMPTY_BODY = YES;
				CLANG_WARN_ENUM_CONVERSION = YES;
				CLANG_WARN_INFINITE_RECURSION = YES;
				CLANG_WARN_INT_CONVERSION = YES;
				CLANG_WARN_NON_LITERAL_NULL_CONVERSION = YES;
				CLANG_WARN_OBJC_IMPLICIT_RETAIN_SELF = YES;
				CLANG_WARN_OBJC_LITERAL_CONVERSION = YES;
				CLANG_WARN_OBJC_ROOT_CLASS = YES_ERROR;
				CLANG_WARN_QUOTED_INCLUDE_IN_FRAMEWORK_HEADER = YES;
				CLANG_WARN_RANGE_LOOP_ANALYSIS = YES;
				CLANG_WARN_STRICT_PROTOTYPES = YES;
				CLANG_WARN_SUSPICIOUS_MOVE = YES;
				CLANG_WARN_UNGUARDED_AVAILABILITY = YES_AGGRESSIVE;
				CLANG_WARN_UNREACHABLE_CODE = YES;
				CLANG_WARN__DUPLICATE_METHOD_MATCH = YES;
				COPY_PHASE_STRIP = NO;
				DEBUG_INFORMATION_FORMAT = dwarf;
				ENABLE_STRICT_OBJC_MSGSEND = YES;
				ENABLE_TESTABILITY = YES;
				GCC_C_LANGUAGE_STANDARD = gnu11;
				GCC_DYNAMIC_NO_PIC = NO;
				GCC_NO_COMMON_BLOCKS = YES;
				GCC_OPTIMIZATION_LEVEL = 0;
				GCC_PREPROCESSOR_DEFINITIONS = (
					"DEBUG=1",
					"$(inherited)",
				);
				GCC_WARN_64_TO_32_BIT_CONVERSION = YES;
				GCC_WARN_ABOUT_RETURN_TYPE = YES_ERROR;
				GCC_WARN_UNDECLARED_SELECTOR = YES;
				GCC_WARN_UNINITIALIZED_AUTOS = YES_AGGRESSIVE;
				GCC_WARN_UNUSED_FUNCTION = YES;
				GCC_WARN_UNUSED_VARIABLE = YES;
				IPHONEOS_DEPLOYMENT_TARGET = 16.4;
				MTL_ENABLE_DEBUG_INFO = INCLUDE_SOURCE;
				MTL_FAST_MATH = YES;
				ONLY_ACTIVE_ARCH = YES;
				SDKROOT = iphoneos;
				SWIFT_ACTIVE_COMPILATION_CONDITIONS = DEBUG;
				SWIFT_OPTIMIZATION_LEVEL = "-Onone";
			};
			name = Debug;
		};
		8F4BBF3E2A6EEE4A002AC0F3 /* Release */ = {
			isa = XCBuildConfiguration;
			buildSettings = {
				ALWAYS_SEARCH_USER_PATHS = NO;
				CLANG_ANALYZER_NONNULL = YES;
				CLANG_ANALYZER_NUMBER_OBJECT_CONVERSION = YES_AGGRESSIVE;
				CLANG_CXX_LANGUAGE_STANDARD = "gnu++20";
				CLANG_ENABLE_MODULES = YES;
				CLANG_ENABLE_OBJC_ARC = YES;
				CLANG_ENABLE_OBJC_WEAK = YES;
				CLANG_WARN_BLOCK_CAPTURE_AUTORELEASING = YES;
				CLANG_WARN_BOOL_CONVERSION = YES;
				CLANG_WARN_COMMA = YES;
				CLANG_WARN_CONSTANT_CONVERSION = YES;
				CLANG_WARN_DEPRECATED_OBJC_IMPLEMENTATIONS = YES;
				CLANG_WARN_DIRECT_OBJC_ISA_USAGE = YES_ERROR;
				CLANG_WARN_DOCUMENTATION_COMMENTS = YES;
				CLANG_WARN_EMPTY_BODY = YES;
				CLANG_WARN_ENUM_CONVERSION = YES;
				CLANG_WARN_INFINITE_RECURSION = YES;
				CLANG_WARN_INT_CONVERSION = YES;
				CLANG_WARN_NON_LITERAL_NULL_CONVERSION = YES;
				CLANG_WARN_OBJC_IMPLICIT_RETAIN_SELF = YES;
				CLANG_WARN_OBJC_LITERAL_CONVERSION = YES;
				CLANG_WARN_OBJC_ROOT_CLASS = YES_ERROR;
				CLANG_WARN_QUOTED_INCLUDE_IN_FRAMEWORK_HEADER = YES;
				CLANG_WARN_RANGE_LOOP_ANALYSIS = YES;
				CLANG_WARN_STRICT_PROTOTYPES = YES;
				CLANG_WARN_SUSPICIOUS_MOVE = YES;
				CLANG_WARN_UNGUARDED_AVAILABILITY = YES_AGGRESSIVE;
				CLANG_WARN_UNREACHABLE_CODE = YES;
				CLANG_WARN__DUPLICATE_METHOD_MATCH = YES;
				COPY_PHASE_STRIP = NO;
				DEBUG_INFORMATION_FORMAT = "dwarf-with-dsym";
				ENABLE_NS_ASSERTIONS = NO;
				ENABLE_STRICT_OBJC_MSGSEND = YES;
				GCC_C_LANGUAGE_STANDARD = gnu11;
				GCC_NO_COMMON_BLOCKS = YES;
				GCC_WARN_64_TO_32_BIT_CONVERSION = YES;
				GCC_WARN_ABOUT_RETURN_TYPE = YES_ERROR;
				GCC_WARN_UNDECLARED_SELECTOR = YES;
				GCC_WARN_UNINITIALIZED_AUTOS = YES_AGGRESSIVE;
				GCC_WARN_UNUSED_FUNCTION = YES;
				GCC_WARN_UNUSED_VARIABLE = YES;
				IPHONEOS_DEPLOYMENT_TARGET = 16.4;
				MTL_ENABLE_DEBUG_INFO = NO;
				MTL_FAST_MATH = YES;
				SDKROOT = iphoneos;
				SWIFT_COMPILATION_MODE = wholemodule;
				SWIFT_OPTIMIZATION_LEVEL = "-O";
				VALIDATE_PRODUCT = YES;
			};
			name = Release;
		};
		8F4BBF402A6EEE4A002AC0F3 /* Debug */ = {
			isa = XCBuildConfiguration;
			buildSettings = {
				ASSETCATALOG_COMPILER_APPICON_NAME = AppIcon;
				ASSETCATALOG_COMPILER_GLOBAL_ACCENT_COLOR_NAME = AccentColor;
				CODE_SIGN_STYLE = Automatic;
				CURRENT_PROJECT_VERSION = 1;
				DEVELOPMENT_ASSET_PATHS = "\"Code History/Preview Content\"";
				ENABLE_PREVIEWS = YES;
				GENERATE_INFOPLIST_FILE = YES;
				INFOPLIST_KEY_UIApplicationSceneManifest_Generation = YES;
				INFOPLIST_KEY_UIApplicationSupportsIndirectInputEvents = YES;
				INFOPLIST_KEY_UILaunchScreen_Generation = YES;
				INFOPLIST_KEY_UISupportedInterfaceOrientations_iPad = "UIInterfaceOrientationPortrait UIInterfaceOrientationPortraitUpsideDown UIInterfaceOrientationLandscapeLeft UIInterfaceOrientationLandscapeRight";
				INFOPLIST_KEY_UISupportedInterfaceOrientations_iPhone = "UIInterfaceOrientationPortrait UIInterfaceOrientationLandscapeLeft UIInterfaceOrientationLandscapeRight";
				LD_RUNPATH_SEARCH_PATHS = (
					"$(inherited)",
					"@executable_path/Frameworks",
				);
				MARKETING_VERSION = 1.0;
				PRODUCT_BUNDLE_IDENTIFIER = "com.Adam.Code-History";
				PRODUCT_NAME = "$(TARGET_NAME)";
				SWIFT_EMIT_LOC_STRINGS = YES;
				SWIFT_VERSION = 5.0;
				TARGETED_DEVICE_FAMILY = "1,2";
			};
			name = Debug;
		};
		8F4BBF412A6EEE4A002AC0F3 /* Release */ = {
			isa = XCBuildConfiguration;
			buildSettings = {
				ASSETCATALOG_COMPILER_APPICON_NAME = AppIcon;
				ASSETCATALOG_COMPILER_GLOBAL_ACCENT_COLOR_NAME = AccentColor;
				CODE_SIGN_STYLE = Automatic;
				CURRENT_PROJECT_VERSION = 1;
				DEVELOPMENT_ASSET_PATHS = "\"Code History/Preview Content\"";
				ENABLE_PREVIEWS = YES;
				GENERATE_INFOPLIST_FILE = YES;
				INFOPLIST_KEY_UIApplicationSceneManifest_Generation = YES;
				INFOPLIST_KEY_UIApplicationSupportsIndirectInputEvents = YES;
				INFOPLIST_KEY_UILaunchScreen_Generation = YES;
				INFOPLIST_KEY_UISupportedInterfaceOrientations_iPad = "UIInterfaceOrientationPortrait UIInterfaceOrientationPortraitUpsideDown UIInterfaceOrientationLandscapeLeft UIInterfaceOrientationLandscapeRight";
				INFOPLIST_KEY_UISupportedInterfaceOrientations_iPhone = "UIInterfaceOrientationPortrait UIInterfaceOrientationLandscapeLeft UIInterfaceOrientationLandscapeRight";
				LD_RUNPATH_SEARCH_PATHS = (
					"$(inherited)",
					"@executable_path/Frameworks",
				);
				MARKETING_VERSION = 1.0;
				PRODUCT_BUNDLE_IDENTIFIER = "com.Adam.Code-History";
				PRODUCT_NAME = "$(TARGET_NAME)";
				SWIFT_EMIT_LOC_STRINGS = YES;
				SWIFT_VERSION = 5.0;
				TARGETED_DEVICE_FAMILY = "1,2";
			};
			name = Release;
		};
/* End XCBuildConfiguration section */

/* Begin XCConfigurationList section */
		8F4BBF2C2A6EEE47002AC0F3 /* Build configuration list for PBXProject "codeHistory" */ = {
			isa = XCConfigurationList;
			buildConfigurations = (
				8F4BBF3D2A6EEE4A002AC0F3 /* Debug */,
				8F4BBF3E2A6EEE4A002AC0F3 /* Release */,
			);
			defaultConfigurationIsVisible = 0;
			defaultConfigurationName = Release;
		};
		8F4BBF3F2A6EEE4A002AC0F3 /* Build configuration list for PBXNativeTarget "codeHistory" */ = {
			isa = XCConfigurationList;
			buildConfigurations = (
				8F4BBF402A6EEE4A002AC0F3 /* Debug */,
				8F4BBF412A6EEE4A002AC0F3 /* Release */,
			);
			defaultConfigurationIsVisible = 0;
			defaultConfigurationName = Release;
		};
/* End XCConfigurationList section */
	};
	rootObject = 8F4BBF292A6EEE47002AC0F3 /* Project object */;
}
